
Microsoft Visual Studio Solution File, Format Version 12.00
# Visual Studio 2015
Project("{FAE04EC0-301F-11D3-BF4B-00C04F79EFBC}") = "LostAndWondering.CSharp", "LostAndWondering.CSharp.csproj", "{2F8DF480-5931-C7B0-505C-EDC43BF51D81}"
EndProject
Project("{FAE04EC0-301F-11D3-BF4B-00C04F79EFBC}") = "LostAndWondering.CSharp.Editor", "LostAndWondering.CSharp.Editor.csproj", "{7548484F-CD73-6635-05D1-8A75BC3FE701}"
EndProject
Global
	GlobalSection(SolutionConfigurationPlatforms) = preSolution
		Debug|Any CPU = Debug|Any CPU
		Release|Any CPU = Release|Any CPU
	EndGlobalSection
	GlobalSection(ProjectConfigurationPlatforms) = postSolution
		{2F8DF480-5931-C7B0-505C-EDC43BF51D81}.Debug|Any CPU.ActiveCfg = Debug|Any CPU
		{2F8DF480-5931-C7B0-505C-EDC43BF51D81}.Debug|Any CPU.Build.0 = Debug|Any CPU
		{2F8DF480-5931-C7B0-505C-EDC43BF51D81}.Release|Any CPU.ActiveCfg = Release|Any CPU
		{2F8DF480-5931-C7B0-505C-EDC43BF51D81}.Release|Any CPU.Build.0 = Release|Any CPU
		{7548484F-CD73-6635-05D1-8A75BC3FE701}.Debug|Any CPU.ActiveCfg = Debug|Any CPU
		{7548484F-CD73-6635-05D1-8A75BC3FE701}.Debug|Any CPU.Build.0 = Debug|Any CPU
		{7548484F-CD73-6635-05D1-8A75BC3FE701}.Release|Any CPU.ActiveCfg = Release|Any CPU
		{7548484F-CD73-6635-05D1-8A75BC3FE701}.Release|Any CPU.Build.0 = Release|Any CPU
	EndGlobalSection
	GlobalSection(SolutionProperties) = preSolution
		HideSolutionNode = FALSE
	EndGlobalSection
EndGlobal
