Microsoft Visual Studio Solution File, Format Version 11.00
# Visual Studio 2008

Project("{F99EF970-DFD9-48DF-5646-F55B0A0B70C9}") = "projG", "Assembly-CSharp.csproj", "{6C2556BD-564D-E42F-00BF-CC12A359231C}"
EndProject
Global
	GlobalSection(SolutionConfigurationPlatforms) = preSolution
		Debug|Any CPU = Debug|Any CPU
		Release|Any CPU = Release|Any CPU
	EndGlobalSection
	GlobalSection(ProjectConfigurationPlatforms) = postSolution
		{6C2556BD-564D-E42F-00BF-CC12A359231C}.Debug|Any CPU.ActiveCfg = Debug|Any CPU
		{6C2556BD-564D-E42F-00BF-CC12A359231C}.Debug|Any CPU.Build.0 = Debug|Any CPU
		{6C2556BD-564D-E42F-00BF-CC12A359231C}.Release|Any CPU.ActiveCfg = Release|Any CPU
		{6C2556BD-564D-E42F-00BF-CC12A359231C}.Release|Any CPU.Build.0 = Release|Any CPU
	EndGlobalSection
	GlobalSection(SolutionProperties) = preSolution
		HideSolutionNode = FALSE
	EndGlobalSection
	GlobalSection(MonoDevelopProperties) = preSolution
		StartupItem = Assembly-CSharp.csproj
	EndGlobalSection
EndGlobal
